{
  "meteor": {},
  "dependencies": {
    "basePackages": {
      "handlebar-helpers": {},
      "iron-router": {},
      "spin": {},
      "jquery-ui-bootstrap": {},
      "bootstrap-timepicker": {},
      "pretty-fullcalendar": {}
    },
    "packages": {
      "handlebar-helpers": {
        "git": "https://github.com/raix/Meteor-handlebar-helpers.git",
        "tag": "v0.0.9",
        "commit": "71e94c99462b8801a34c5363510758b6ff5f5ac7"
      },
      "iron-router": {
        "git": "https://github.com/EventedMind/iron-router.git",
        "tag": "v0.6.2",
        "commit": "ce56e58b45624dce992490f3a1c10f10d3948bae"
      },
      "spin": {
        "git": "https://github.com/SachaG/meteor-spin.git",
        "tag": "v0.2.2",
        "commit": "3f655f0016228e4195acc784c45d3e3a247dc39f"
      },
      "jquery-ui-bootstrap": {
        "git": "https://github.com/TimHeckel/meteor-jquery-ui-bootstrap.git",
        "tag": "v0.1.2",
        "commit": "fa742a85639307003e105898e15b631394b63509"
      },
      "bootstrap-timepicker": {
        "git": "https://github.com/BenjaminRH/meteor-bootstrap-timepicker.git",
        "tag": "v0.1.0",
        "commit": "fa61edb82752e5c682dbaafd5412f4d29f8b72e0"
      },
      "pretty-fullcalendar": {
        "git": "https://github.com/priyadarshy/meteor-fullcalendar.git",
        "tag": "v1.6.1",
        "commit": "78dba7c564bf7baacf6556c70a3cc179d0e137c4"
      },
      "jquery-ui": {
        "git": "https://github.com/TimHeckel/meteor-jquery-ui.git",
        "tag": "v1.9.2",
        "commit": "c437d45edcf1367df8d5ffa8bad2867758030bd2"
      }
    }
  }
}
